
Microsoft Visual Studio Solution File, Format Version 12.00
# Visual Studio Version 16
VisualStudioVersion = 16.0.29509.3
MinimumVisualStudioVersion = 10.0.40219.1
Project("{888888A0-9F3D-457C-B088-3A5042F75D52}") = "Network Scanner", "Network Scanner\Network Scanner.pyproj", "{71E67522-B3EF-4DDD-AEC4-7581FF6EE14D}"
EndProject
Global
	GlobalSection(SolutionConfigurationPlatforms) = preSolution
		Debug|Any CPU = Debug|Any CPU
		Release|Any CPU = Release|Any CPU
	EndGlobalSection
	GlobalSection(ProjectConfigurationPlatforms) = postSolution
		{71E67522-B3EF-4DDD-AEC4-7581FF6EE14D}.Debug|Any CPU.ActiveCfg = Debug|Any CPU
		{71E67522-B3EF-4DDD-AEC4-7581FF6EE14D}.Release|Any CPU.ActiveCfg = Release|Any CPU
	EndGlobalSection
	GlobalSection(SolutionProperties) = preSolution
		HideSolutionNode = FALSE
	EndGlobalSection
	GlobalSection(ExtensibilityGlobals) = postSolution
		SolutionGuid = {456E5DAB-19AB-48A7-B0F3-F85499279BEA}
	EndGlobalSection
EndGlobal
